
Microsoft Visual Studio Solution File, Format Version 12.00
# Visual Studio Version 16
VisualStudioVersion = 16.0.31205.134
MinimumVisualStudioVersion = 10.0.40219.1
Project("{F184B08F-C81C-45F6-A57F-5ABD9991F28F}") = "test", "test\test.vbproj", "{3A044D3A-00A2-44A2-97B8-29F97F6E72A7}"
EndProject
Global
	GlobalSection(SolutionConfigurationPlatforms) = preSolution
		Debug|Any CPU = Debug|Any CPU
		Release|Any CPU = Release|Any CPU
	EndGlobalSection
	GlobalSection(ProjectConfigurationPlatforms) = postSolution
		{3A044D3A-00A2-44A2-97B8-29F97F6E72A7}.Debug|Any CPU.ActiveCfg = Debug|Any CPU
		{3A044D3A-00A2-44A2-97B8-29F97F6E72A7}.Debug|Any CPU.Build.0 = Debug|Any CPU
		{3A044D3A-00A2-44A2-97B8-29F97F6E72A7}.Release|Any CPU.ActiveCfg = Release|Any CPU
		{3A044D3A-00A2-44A2-97B8-29F97F6E72A7}.Release|Any CPU.Build.0 = Release|Any CPU
	EndGlobalSection
	GlobalSection(SolutionProperties) = preSolution
		HideSolutionNode = FALSE
	EndGlobalSection
	GlobalSection(ExtensibilityGlobals) = postSolution
		SolutionGuid = {A5B67629-0B74-438E-8E4D-33032F58DA80}
	EndGlobalSection
EndGlobal
