
Microsoft Visual Studio Solution File, Format Version 12.00
# Visual Studio Version 16
VisualStudioVersion = 16.0.31205.134
MinimumVisualStudioVersion = 10.0.40219.1
Project("{FAE04EC0-301F-11D3-BF4B-00C04F79EFBC}") = "ConsoleUI", "ConsoleUI\ConsoleUI.csproj", "{EA2FB727-1F2E-4511-B637-1E4F826B7CEE}"
EndProject
Global
	GlobalSection(SolutionConfigurationPlatforms) = preSolution
		Debug|Any CPU = Debug|Any CPU
		Release|Any CPU = Release|Any CPU
	EndGlobalSection
	GlobalSection(ProjectConfigurationPlatforms) = postSolution
		{EA2FB727-1F2E-4511-B637-1E4F826B7CEE}.Debug|Any CPU.ActiveCfg = Debug|Any CPU
		{EA2FB727-1F2E-4511-B637-1E4F826B7CEE}.Debug|Any CPU.Build.0 = Debug|Any CPU
		{EA2FB727-1F2E-4511-B637-1E4F826B7CEE}.Release|Any CPU.ActiveCfg = Release|Any CPU
		{EA2FB727-1F2E-4511-B637-1E4F826B7CEE}.Release|Any CPU.Build.0 = Release|Any CPU
	EndGlobalSection
	GlobalSection(SolutionProperties) = preSolution
		HideSolutionNode = FALSE
	EndGlobalSection
	GlobalSection(ExtensibilityGlobals) = postSolution
		SolutionGuid = {12094D11-6F87-4AA5-ABCD-63D89B0A3D5A}
	EndGlobalSection
EndGlobal
