
Microsoft Visual Studio Solution File, Format Version 12.00
# Visual Studio Version 16
VisualStudioVersion = 16.0.31205.134
MinimumVisualStudioVersion = 10.0.40219.1
Project("{FAE04EC0-301F-11D3-BF4B-00C04F79EFBC}") = "AddAuthLater", "AddAuthLater\AddAuthLater.csproj", "{B429BADD-BB49-40FD-A2DC-3AD1E79A7712}"
EndProject
Global
	GlobalSection(SolutionConfigurationPlatforms) = preSolution
		Debug|Any CPU = Debug|Any CPU
		Release|Any CPU = Release|Any CPU
	EndGlobalSection
	GlobalSection(ProjectConfigurationPlatforms) = postSolution
		{B429BADD-BB49-40FD-A2DC-3AD1E79A7712}.Debug|Any CPU.ActiveCfg = Debug|Any CPU
		{B429BADD-BB49-40FD-A2DC-3AD1E79A7712}.Debug|Any CPU.Build.0 = Debug|Any CPU
		{B429BADD-BB49-40FD-A2DC-3AD1E79A7712}.Release|Any CPU.ActiveCfg = Release|Any CPU
		{B429BADD-BB49-40FD-A2DC-3AD1E79A7712}.Release|Any CPU.Build.0 = Release|Any CPU
	EndGlobalSection
	GlobalSection(SolutionProperties) = preSolution
		HideSolutionNode = FALSE
	EndGlobalSection
	GlobalSection(ExtensibilityGlobals) = postSolution
		SolutionGuid = {200CB83F-C14B-4DC8-BB34-7ACBC5781790}
	EndGlobalSection
EndGlobal
